// !$*UTF8*$!
{
	archiveVersion = 1;
	classes = {
	};
	objectVersion = 56;
	objects = {

/* Begin PBXBuildFile section */
		2C572F712A90E910004D086D /* Issue.swift in Sources */ = {isa = PBXBuildFile; fileRef = 2C572F702A90E910004D086D /* Issue.swift */; };
		2C572F732A90EA68004D086D /* IssueSearchResult.swift in Sources */ = {isa = PBXBuildFile; fileRef = 2C572F722A90EA68004D086D /* IssueSearchResult.swift */; };
		2C8013CE2A7A5E2800CFAF97 /* AppDelegate.swift in Sources */ = {isa = PBXBuildFile; fileRef = 2C8013CD2A7A5E2800CFAF97 /* AppDelegate.swift */; };
		2C8013D02A7A5E2800CFAF97 /* SceneDelegate.swift in Sources */ = {isa = PBXBuildFile; fileRef = 2C8013CF2A7A5E2800CFAF97 /* SceneDelegate.swift */; };
		2C8013D22A7A5E2800CFAF97 /* RepositoryViewController.swift in Sources */ = {isa = PBXBuildFile; fileRef = 2C8013D12A7A5E2800CFAF97 /* RepositoryViewController.swift */; };
		2C8013D52A7A5E2800CFAF97 /* Main.storyboard in Resources */ = {isa = PBXBuildFile; fileRef = 2C8013D32A7A5E2800CFAF97 /* Main.storyboard */; };
		2C8013D72A7A5E2A00CFAF97 /* Assets.xcassets in Resources */ = {isa = PBXBuildFile; fileRef = 2C8013D62A7A5E2A00CFAF97 /* Assets.xcassets */; };
		2C8013DA2A7A5E2A00CFAF97 /* LaunchScreen.storyboard in Resources */ = {isa = PBXBuildFile; fileRef = 2C8013D82A7A5E2A00CFAF97 /* LaunchScreen.storyboard */; };
		2C81908A2AB9BB9400DE1603 /* Commit.swift in Sources */ = {isa = PBXBuildFile; fileRef = 2C8190892AB9BB9400DE1603 /* Commit.swift */; };
		2C81908C2AB9BBDD00DE1603 /* CommitSearchResult.swift in Sources */ = {isa = PBXBuildFile; fileRef = 2C81908B2AB9BBDD00DE1603 /* CommitSearchResult.swift */; };
		2C8190902AB9BF8800DE1603 /* CommitViewController.swift in Sources */ = {isa = PBXBuildFile; fileRef = 2C81908F2AB9BF8800DE1603 /* CommitViewController.swift */; };
		2C8190942AB9C90E00DE1603 /* CommitTableViewCell.swift in Sources */ = {isa = PBXBuildFile; fileRef = 2C8190932AB9C90E00DE1603 /* CommitTableViewCell.swift */; };
		2C9379D72A8A5AD000582BB8 /* RepositorySearchResult.swift in Sources */ = {isa = PBXBuildFile; fileRef = 2C9379D62A8A5AD000582BB8 /* RepositorySearchResult.swift */; };
		2C9379D92A8A5BDE00582BB8 /* Repository.swift in Sources */ = {isa = PBXBuildFile; fileRef = 2C9379D82A8A5BDE00582BB8 /* Repository.swift */; };
		2C9864362ACD760F00F55F72 /* SearchItem.swift in Sources */ = {isa = PBXBuildFile; fileRef = 2C9864352ACD760F00F55F72 /* SearchItem.swift */; };
		2C9864382ACD777600F55F72 /* SearchResult.swift in Sources */ = {isa = PBXBuildFile; fileRef = 2C9864372ACD777600F55F72 /* SearchResult.swift */; };
		2CA92A1E2A8CE51E00FF6FD1 /* IssueViewController.swift in Sources */ = {isa = PBXBuildFile; fileRef = 2CA92A1D2A8CE51E00FF6FD1 /* IssueViewController.swift */; };
/* End PBXBuildFile section */

/* Begin PBXFileReference section */
		2C572F702A90E910004D086D /* Issue.swift */ = {isa = PBXFileReference; lastKnownFileType = sourcecode.swift; path = Issue.swift; sourceTree = "<group>"; };
		2C572F722A90EA68004D086D /* IssueSearchResult.swift */ = {isa = PBXFileReference; lastKnownFileType = sourcecode.swift; path = IssueSearchResult.swift; sourceTree = "<group>"; };
		2C8013CA2A7A5E2800CFAF97 /* NetworkRequest.app */ = {isa = PBXFileReference; explicitFileType = wrapper.application; includeInIndex = 0; path = NetworkRequest.app; sourceTree = BUILT_PRODUCTS_DIR; };
		2C8013CD2A7A5E2800CFAF97 /* AppDelegate.swift */ = {isa = PBXFileReference; lastKnownFileType = sourcecode.swift; path = AppDelegate.swift; sourceTree = "<group>"; };
		2C8013CF2A7A5E2800CFAF97 /* SceneDelegate.swift */ = {isa = PBXFileReference; lastKnownFileType = sourcecode.swift; path = SceneDelegate.swift; sourceTree = "<group>"; };
		2C8013D12A7A5E2800CFAF97 /* RepositoryViewController.swift */ = {isa = PBXFileReference; lastKnownFileType = sourcecode.swift; path = RepositoryViewController.swift; sourceTree = "<group>"; };
		2C8013D42A7A5E2800CFAF97 /* Base */ = {isa = PBXFileReference; lastKnownFileType = file.storyboard; name = Base; path = Base.lproj/Main.storyboard; sourceTree = "<group>"; };
		2C8013D62A7A5E2A00CFAF97 /* Assets.xcassets */ = {isa = PBXFileReference; lastKnownFileType = folder.assetcatalog; path = Assets.xcassets; sourceTree = "<group>"; };
		2C8013D92A7A5E2A00CFAF97 /* Base */ = {isa = PBXFileReference; lastKnownFileType = file.storyboard; name = Base; path = Base.lproj/LaunchScreen.storyboard; sourceTree = "<group>"; };
		2C8013DB2A7A5E2A00CFAF97 /* Info.plist */ = {isa = PBXFileReference; lastKnownFileType = text.plist.xml; path = Info.plist; sourceTree = "<group>"; };
		2C8190892AB9BB9400DE1603 /* Commit.swift */ = {isa = PBXFileReference; lastKnownFileType = sourcecode.swift; path = Commit.swift; sourceTree = "<group>"; };
		2C81908B2AB9BBDD00DE1603 /* CommitSearchResult.swift */ = {isa = PBXFileReference; lastKnownFileType = sourcecode.swift; path = CommitSearchResult.swift; sourceTree = "<group>"; };
		2C81908F2AB9BF8800DE1603 /* CommitViewController.swift */ = {isa = PBXFileReference; lastKnownFileType = sourcecode.swift; path = CommitViewController.swift; sourceTree = "<group>"; };
		2C8190932AB9C90E00DE1603 /* CommitTableViewCell.swift */ = {isa = PBXFileReference; lastKnownFileType = sourcecode.swift; path = CommitTableViewCell.swift; sourceTree = "<group>"; };
		2C9379D62A8A5AD000582BB8 /* RepositorySearchResult.swift */ = {isa = PBXFileReference; lastKnownFileType = sourcecode.swift; path = RepositorySearchResult.swift; sourceTree = "<group>"; };
		2C9379D82A8A5BDE00582BB8 /* Repository.swift */ = {isa = PBXFileReference; lastKnownFileType = sourcecode.swift; path = Repository.swift; sourceTree = "<group>"; };
		2C9864352ACD760F00F55F72 /* SearchItem.swift */ = {isa = PBXFileReference; lastKnownFileType = sourcecode.swift; path = SearchItem.swift; sourceTree = "<group>"; };
		2C9864372ACD777600F55F72 /* SearchResult.swift */ = {isa = PBXFileReference; lastKnownFileType = sourcecode.swift; path = SearchResult.swift; sourceTree = "<group>"; };
		2CA92A1D2A8CE51E00FF6FD1 /* IssueViewController.swift */ = {isa = PBXFileReference; lastKnownFileType = sourcecode.swift; path = IssueViewController.swift; sourceTree = "<group>"; };
/* End PBXFileReference section */

/* Begin PBXFrameworksBuildPhase section */
		2C8013C72A7A5E2800CFAF97 /* Frameworks */ = {
			isa = PBXFrameworksBuildPhase;
			buildActionMask = 2147483647;
			files = (
			);
			runOnlyForDeploymentPostprocessing = 0;
		};
/* End PBXFrameworksBuildPhase section */

/* Begin PBXGroup section */
		2C8013C12A7A5E2800CFAF97 = {
			isa = PBXGroup;
			children = (
				2C8013CC2A7A5E2800CFAF97 /* NetworkRequest */,
				2C8013CB2A7A5E2800CFAF97 /* Products */,
			);
			sourceTree = "<group>";
		};
		2C8013CB2A7A5E2800CFAF97 /* Products */ = {
			isa = PBXGroup;
			children = (
				2C8013CA2A7A5E2800CFAF97 /* NetworkRequest.app */,
			);
			name = Products;
			sourceTree = "<group>";
		};
		2C8013CC2A7A5E2800CFAF97 /* NetworkRequest */ = {
			isa = PBXGroup;
			children = (
				2C8013CD2A7A5E2800CFAF97 /* AppDelegate.swift */,
				2C8013CF2A7A5E2800CFAF97 /* SceneDelegate.swift */,
				2C9379DA2A8A5C4C00582BB8 /* Model */,
				2C9864392ACD785000F55F72 /* Protocol */,
				2C8190952AB9CA1E00DE1603 /* Controller */,
				2C8190932AB9C90E00DE1603 /* CommitTableViewCell.swift */,
				2C8013D32A7A5E2800CFAF97 /* Main.storyboard */,
				2C8013D62A7A5E2A00CFAF97 /* Assets.xcassets */,
				2C8013D82A7A5E2A00CFAF97 /* LaunchScreen.storyboard */,
				2C8013DB2A7A5E2A00CFAF97 /* Info.plist */,
			);
			path = NetworkRequest;
			sourceTree = "<group>";
		};
		2C8190952AB9CA1E00DE1603 /* Controller */ = {
			isa = PBXGroup;
			children = (
				2C8013D12A7A5E2800CFAF97 /* RepositoryViewController.swift */,
				2CA92A1D2A8CE51E00FF6FD1 /* IssueViewController.swift */,
				2C81908F2AB9BF8800DE1603 /* CommitViewController.swift */,
			);
			path = Controller;
			sourceTree = "<group>";
		};
		2C9379DA2A8A5C4C00582BB8 /* Model */ = {
			isa = PBXGroup;
			children = (
				2C9379D82A8A5BDE00582BB8 /* Repository.swift */,
				2C9379D62A8A5AD000582BB8 /* RepositorySearchResult.swift */,
				2C572F702A90E910004D086D /* Issue.swift */,
				2C572F722A90EA68004D086D /* IssueSearchResult.swift */,
				2C8190892AB9BB9400DE1603 /* Commit.swift */,
				2C81908B2AB9BBDD00DE1603 /* CommitSearchResult.swift */,
			);
			path = Model;
			sourceTree = "<group>";
		};
		2C9864392ACD785000F55F72 /* Protocol */ = {
			isa = PBXGroup;
			children = (
				2C9864352ACD760F00F55F72 /* SearchItem.swift */,
				2C9864372ACD777600F55F72 /* SearchResult.swift */,
			);
			path = Protocol;
			sourceTree = "<group>";
		};
/* End PBXGroup section */

/* Begin PBXNativeTarget section */
		2C8013C92A7A5E2800CFAF97 /* NetworkRequest */ = {
			isa = PBXNativeTarget;
			buildConfigurationList = 2C8013DE2A7A5E2A00CFAF97 /* Build configuration list for PBXNativeTarget "NetworkRequest" */;
			buildPhases = (
				2C8013C62A7A5E2800CFAF97 /* Sources */,
				2C8013C72A7A5E2800CFAF97 /* Frameworks */,
				2C8013C82A7A5E2800CFAF97 /* Resources */,
			);
			buildRules = (
			);
			dependencies = (
			);
			name = NetworkRequest;
			productName = NetworkRequest;
			productReference = 2C8013CA2A7A5E2800CFAF97 /* NetworkRequest.app */;
			productType = "com.apple.product-type.application";
		};
/* End PBXNativeTarget section */

/* Begin PBXProject section */
		2C8013C22A7A5E2800CFAF97 /* Project object */ = {
			isa = PBXProject;
			attributes = {
				BuildIndependentTargetsInParallel = 1;
				LastSwiftUpdateCheck = 1400;
				LastUpgradeCheck = 1400;
				TargetAttributes = {
					2C8013C92A7A5E2800CFAF97 = {
						CreatedOnToolsVersion = 14.0.1;
					};
				};
			};
			buildConfigurationList = 2C8013C52A7A5E2800CFAF97 /* Build configuration list for PBXProject "NetworkRequest" */;
			compatibilityVersion = "Xcode 14.0";
			developmentRegion = en;
			hasScannedForEncodings = 0;
			knownRegions = (
				en,
				Base,
			);
			mainGroup = 2C8013C12A7A5E2800CFAF97;
			productRefGroup = 2C8013CB2A7A5E2800CFAF97 /* Products */;
			projectDirPath = "";
			projectRoot = "";
			targets = (
				2C8013C92A7A5E2800CFAF97 /* NetworkRequest */,
			);
		};
/* End PBXProject section */

/* Begin PBXResourcesBuildPhase section */
		2C8013C82A7A5E2800CFAF97 /* Resources */ = {
			isa = PBXResourcesBuildPhase;
			buildActionMask = 2147483647;
			files = (
				2C8013DA2A7A5E2A00CFAF97 /* LaunchScreen.storyboard in Resources */,
				2C8013D72A7A5E2A00CFAF97 /* Assets.xcassets in Resources */,
				2C8013D52A7A5E2800CFAF97 /* Main.storyboard in Resources */,
			);
			runOnlyForDeploymentPostprocessing = 0;
		};
/* End PBXResourcesBuildPhase section */

/* Begin PBXSourcesBuildPhase section */
		2C8013C62A7A5E2800CFAF97 /* Sources */ = {
			isa = PBXSourcesBuildPhase;
			buildActionMask = 2147483647;
			files = (
				2C81908A2AB9BB9400DE1603 /* Commit.swift in Sources */,
				2C572F732A90EA68004D086D /* IssueSearchResult.swift in Sources */,
				2C9864362ACD760F00F55F72 /* SearchItem.swift in Sources */,
				2C8013D22A7A5E2800CFAF97 /* RepositoryViewController.swift in Sources */,
				2C572F712A90E910004D086D /* Issue.swift in Sources */,
				2C8190942AB9C90E00DE1603 /* CommitTableViewCell.swift in Sources */,
				2C8013CE2A7A5E2800CFAF97 /* AppDelegate.swift in Sources */,
				2C9379D92A8A5BDE00582BB8 /* Repository.swift in Sources */,
				2C9864382ACD777600F55F72 /* SearchResult.swift in Sources */,
				2CA92A1E2A8CE51E00FF6FD1 /* IssueViewController.swift in Sources */,
				2C81908C2AB9BBDD00DE1603 /* CommitSearchResult.swift in Sources */,
				2C8190902AB9BF8800DE1603 /* CommitViewController.swift in Sources */,
				2C9379D72A8A5AD000582BB8 /* RepositorySearchResult.swift in Sources */,
				2C8013D02A7A5E2800CFAF97 /* SceneDelegate.swift in Sources */,
			);
			runOnlyForDeploymentPostprocessing = 0;
		};
/* End PBXSourcesBuildPhase section */

/* Begin PBXVariantGroup section */
		2C8013D32A7A5E2800CFAF97 /* Main.storyboard */ = {
			isa = PBXVariantGroup;
			children = (
				2C8013D42A7A5E2800CFAF97 /* Base */,
			);
			name = Main.storyboard;
			sourceTree = "<group>";
		};
		2C8013D82A7A5E2A00CFAF97 /* LaunchScreen.storyboard */ = {
			isa = PBXVariantGroup;
			children = (
				2C8013D92A7A5E2A00CFAF97 /* Base */,
			);
			name = LaunchScreen.storyboard;
			sourceTree = "<group>";
		};
/* End PBXVariantGroup section */

/* Begin XCBuildConfiguration section */
		2C8013DC2A7A5E2A00CFAF97 /* Debug */ = {
			isa = XCBuildConfiguration;
			buildSettings = {
				ALWAYS_SEARCH_USER_PATHS = NO;
				CLANG_ANALYZER_NONNULL = YES;
				CLANG_ANALYZER_NUMBER_OBJECT_CONVERSION = YES_AGGRESSIVE;
				CLANG_CXX_LANGUAGE_STANDARD = "gnu++20";
				CLANG_ENABLE_MODULES = YES;
				CLANG_ENABLE_OBJC_ARC = YES;
				CLANG_ENABLE_OBJC_WEAK = YES;
				CLANG_WARN_BLOCK_CAPTURE_AUTORELEASING = YES;
				CLANG_WARN_BOOL_CONVERSION = YES;
				CLANG_WARN_COMMA = YES;
				CLANG_WARN_CONSTANT_CONVERSION = YES;
				CLANG_WARN_DEPRECATED_OBJC_IMPLEMENTATIONS = YES;
				CLANG_WARN_DIRECT_OBJC_ISA_USAGE = YES_ERROR;
				CLANG_WARN_DOCUMENTATION_COMMENTS = YES;
				CLANG_WARN_EMPTY_BODY = YES;
				CLANG_WARN_ENUM_CONVERSION = YES;
				CLANG_WARN_INFINITE_RECURSION = YES;
				CLANG_WARN_INT_CONVERSION = YES;
				CLANG_WARN_NON_LITERAL_NULL_CONVERSION = YES;
				CLANG_WARN_OBJC_IMPLICIT_RETAIN_SELF = YES;
				CLANG_WARN_OBJC_LITERAL_CONVERSION = YES;
				CLANG_WARN_OBJC_ROOT_CLASS = YES_ERROR;
				CLANG_WARN_QUOTED_INCLUDE_IN_FRAMEWORK_HEADER = YES;
				CLANG_WARN_RANGE_LOOP_ANALYSIS = YES;
				CLANG_WARN_STRICT_PROTOTYPES = YES;
				CLANG_WARN_SUSPICIOUS_MOVE = YES;
				CLANG_WARN_UNGUARDED_AVAILABILITY = YES_AGGRESSIVE;
				CLANG_WARN_UNREACHABLE_CODE = YES;
				CLANG_WARN__DUPLICATE_METHOD_MATCH = YES;
				COPY_PHASE_STRIP = NO;
				DEBUG_INFORMATION_FORMAT = dwarf;
				ENABLE_STRICT_OBJC_MSGSEND = YES;
				ENABLE_TESTABILITY = YES;
				GCC_C_LANGUAGE_STANDARD = gnu11;
				GCC_DYNAMIC_NO_PIC = NO;
				GCC_NO_COMMON_BLOCKS = YES;
				GCC_OPTIMIZATION_LEVEL = 0;
				GCC_PREPROCESSOR_DEFINITIONS = (
					"DEBUG=1",
					"$(inherited)",
				);
				GCC_WARN_64_TO_32_BIT_CONVERSION = YES;
				GCC_WARN_ABOUT_RETURN_TYPE = YES_ERROR;
				GCC_WARN_UNDECLARED_SELECTOR = YES;
				GCC_WARN_UNINITIALIZED_AUTOS = YES_AGGRESSIVE;
				GCC_WARN_UNUSED_FUNCTION = YES;
				GCC_WARN_UNUSED_VARIABLE = YES;
				IPHONEOS_DEPLOYMENT_TARGET = 16.0;
				MTL_ENABLE_DEBUG_INFO = INCLUDE_SOURCE;
				MTL_FAST_MATH = YES;
				ONLY_ACTIVE_ARCH = YES;
				SDKROOT = iphoneos;
				SWIFT_ACTIVE_COMPILATION_CONDITIONS = DEBUG;
				SWIFT_OPTIMIZATION_LEVEL = "-Onone";
			};
			name = Debug;
		};
		2C8013DD2A7A5E2A00CFAF97 /* Release */ = {
			isa = XCBuildConfiguration;
			buildSettings = {
				ALWAYS_SEARCH_USER_PATHS = NO;
				CLANG_ANALYZER_NONNULL = YES;
				CLANG_ANALYZER_NUMBER_OBJECT_CONVERSION = YES_AGGRESSIVE;
				CLANG_CXX_LANGUAGE_STANDARD = "gnu++20";
				CLANG_ENABLE_MODULES = YES;
				CLANG_ENABLE_OBJC_ARC = YES;
				CLANG_ENABLE_OBJC_WEAK = YES;
				CLANG_WARN_BLOCK_CAPTURE_AUTORELEASING = YES;
				CLANG_WARN_BOOL_CONVERSION = YES;
				CLANG_WARN_COMMA = YES;
				CLANG_WARN_CONSTANT_CONVERSION = YES;
				CLANG_WARN_DEPRECATED_OBJC_IMPLEMENTATIONS = YES;
				CLANG_WARN_DIRECT_OBJC_ISA_USAGE = YES_ERROR;
				CLANG_WARN_DOCUMENTATION_COMMENTS = YES;
				CLANG_WARN_EMPTY_BODY = YES;
				CLANG_WARN_ENUM_CONVERSION = YES;
				CLANG_WARN_INFINITE_RECURSION = YES;
				CLANG_WARN_INT_CONVERSION = YES;
				CLANG_WARN_NON_LITERAL_NULL_CONVERSION = YES;
				CLANG_WARN_OBJC_IMPLICIT_RETAIN_SELF = YES;
				CLANG_WARN_OBJC_LITERAL_CONVERSION = YES;
				CLANG_WARN_OBJC_ROOT_CLASS = YES_ERROR;
				CLANG_WARN_QUOTED_INCLUDE_IN_FRAMEWORK_HEADER = YES;
				CLANG_WARN_RANGE_LOOP_ANALYSIS = YES;
				CLANG_WARN_STRICT_PROTOTYPES = YES;
				CLANG_WARN_SUSPICIOUS_MOVE = YES;
				CLANG_WARN_UNGUARDED_AVAILABILITY = YES_AGGRESSIVE;
				CLANG_WARN_UNREACHABLE_CODE = YES;
				CLANG_WARN__DUPLICATE_METHOD_MATCH = YES;
				COPY_PHASE_STRIP = NO;
				DEBUG_INFORMATION_FORMAT = "dwarf-with-dsym";
				ENABLE_NS_ASSERTIONS = NO;
				ENABLE_STRICT_OBJC_MSGSEND = YES;
				GCC_C_LANGUAGE_STANDARD = gnu11;
				GCC_NO_COMMON_BLOCKS = YES;
				GCC_WARN_64_TO_32_BIT_CONVERSION = YES;
				GCC_WARN_ABOUT_RETURN_TYPE = YES_ERROR;
				GCC_WARN_UNDECLARED_SELECTOR = YES;
				GCC_WARN_UNINITIALIZED_AUTOS = YES_AGGRESSIVE;
				GCC_WARN_UNUSED_FUNCTION = YES;
				GCC_WARN_UNUSED_VARIABLE = YES;
				IPHONEOS_DEPLOYMENT_TARGET = 16.0;
				MTL_ENABLE_DEBUG_INFO = NO;
				MTL_FAST_MATH = YES;
				SDKROOT = iphoneos;
				SWIFT_COMPILATION_MODE = wholemodule;
				SWIFT_OPTIMIZATION_LEVEL = "-O";
				VALIDATE_PRODUCT = YES;
			};
			name = Release;
		};
		2C8013DF2A7A5E2A00CFAF97 /* Debug */ = {
			isa = XCBuildConfiguration;
			buildSettings = {
				ASSETCATALOG_COMPILER_APPICON_NAME = AppIcon;
				ASSETCATALOG_COMPILER_GLOBAL_ACCENT_COLOR_NAME = AccentColor;
				CODE_SIGN_STYLE = Automatic;
				CURRENT_PROJECT_VERSION = 1;
				GENERATE_INFOPLIST_FILE = YES;
				INFOPLIST_FILE = NetworkRequest/Info.plist;
				INFOPLIST_KEY_UIApplicationSupportsIndirectInputEvents = YES;
				INFOPLIST_KEY_UILaunchStoryboardName = LaunchScreen;
				INFOPLIST_KEY_UIMainStoryboardFile = Main;
				INFOPLIST_KEY_UISupportedInterfaceOrientations_iPad = "UIInterfaceOrientationPortrait UIInterfaceOrientationPortraitUpsideDown UIInterfaceOrientationLandscapeLeft UIInterfaceOrientationLandscapeRight";
				INFOPLIST_KEY_UISupportedInterfaceOrientations_iPhone = "UIInterfaceOrientationPortrait UIInterfaceOrientationLandscapeLeft UIInterfaceOrientationLandscapeRight";
				IPHONEOS_DEPLOYMENT_TARGET = 16.0;
				LD_RUNPATH_SEARCH_PATHS = (
					"$(inherited)",
					"@executable_path/Frameworks",
				);
				MARKETING_VERSION = 1.0;
				PRODUCT_BUNDLE_IDENTIFIER = ua.vyshhorod.NetworkRequest;
				PRODUCT_NAME = "$(TARGET_NAME)";
				SWIFT_EMIT_LOC_STRINGS = YES;
				SWIFT_VERSION = 5.0;
				TARGETED_DEVICE_FAMILY = "1,2";
			};
			name = Debug;
		};
		2C8013E02A7A5E2A00CFAF97 /* Release */ = {
			isa = XCBuildConfiguration;
			buildSettings = {
				ASSETCATALOG_COMPILER_APPICON_NAME = AppIcon;
				ASSETCATALOG_COMPILER_GLOBAL_ACCENT_COLOR_NAME = AccentColor;
				CODE_SIGN_STYLE = Automatic;
				CURRENT_PROJECT_VERSION = 1;
				GENERATE_INFOPLIST_FILE = YES;
				INFOPLIST_FILE = NetworkRequest/Info.plist;
				INFOPLIST_KEY_UIApplicationSupportsIndirectInputEvents = YES;
				INFOPLIST_KEY_UILaunchStoryboardName = LaunchScreen;
				INFOPLIST_KEY_UIMainStoryboardFile = Main;
				INFOPLIST_KEY_UISupportedInterfaceOrientations_iPad = "UIInterfaceOrientationPortrait UIInterfaceOrientationPortraitUpsideDown UIInterfaceOrientationLandscapeLeft UIInterfaceOrientationLandscapeRight";
				INFOPLIST_KEY_UISupportedInterfaceOrientations_iPhone = "UIInterfaceOrientationPortrait UIInterfaceOrientationLandscapeLeft UIInterfaceOrientationLandscapeRight";
				IPHONEOS_DEPLOYMENT_TARGET = 16.0;
				LD_RUNPATH_SEARCH_PATHS = (
					"$(inherited)",
					"@executable_path/Frameworks",
				);
				MARKETING_VERSION = 1.0;
				PRODUCT_BUNDLE_IDENTIFIER = ua.vyshhorod.NetworkRequest;
				PRODUCT_NAME = "$(TARGET_NAME)";
				SWIFT_EMIT_LOC_STRINGS = YES;
				SWIFT_VERSION = 5.0;
				TARGETED_DEVICE_FAMILY = "1,2";
			};
			name = Release;
		};
/* End XCBuildConfiguration section */

/* Begin XCConfigurationList section */
		2C8013C52A7A5E2800CFAF97 /* Build configuration list for PBXProject "NetworkRequest" */ = {
			isa = XCConfigurationList;
			buildConfigurations = (
				2C8013DC2A7A5E2A00CFAF97 /* Debug */,
				2C8013DD2A7A5E2A00CFAF97 /* Release */,
			);
			defaultConfigurationIsVisible = 0;
			defaultConfigurationName = Release;
		};
		2C8013DE2A7A5E2A00CFAF97 /* Build configuration list for PBXNativeTarget "NetworkRequest" */ = {
			isa = XCConfigurationList;
			buildConfigurations = (
				2C8013DF2A7A5E2A00CFAF97 /* Debug */,
				2C8013E02A7A5E2A00CFAF97 /* Release */,
			);
			defaultConfigurationIsVisible = 0;
			defaultConfigurationName = Release;
		};
/* End XCConfigurationList section */
	};
	rootObject = 2C8013C22A7A5E2800CFAF97 /* Project object */;
}
